
Microsoft Visual Studio Solution File, Format Version 12.00
Project("{FAE04EC0-301F-11D3-BF4B-00C04F79EFBC}") = "Secuestro1", "Secuestro1\Secuestro1.csproj", "{D2E72560-2C09-4D2E-B5BE-CF7CCD976685}"
EndProject
Global
	GlobalSection(SolutionConfigurationPlatforms) = preSolution
		Debug|Any CPU = Debug|Any CPU
		Release|Any CPU = Release|Any CPU
	EndGlobalSection
	GlobalSection(ProjectConfigurationPlatforms) = postSolution
		{D2E72560-2C09-4D2E-B5BE-CF7CCD976685}.Debug|Any CPU.ActiveCfg = Debug|Any CPU
		{D2E72560-2C09-4D2E-B5BE-CF7CCD976685}.Debug|Any CPU.Build.0 = Debug|Any CPU
		{D2E72560-2C09-4D2E-B5BE-CF7CCD976685}.Release|Any CPU.ActiveCfg = Release|Any CPU
		{D2E72560-2C09-4D2E-B5BE-CF7CCD976685}.Release|Any CPU.Build.0 = Release|Any CPU
	EndGlobalSection
EndGlobal
